
Microsoft Visual Studio Solution File, Format Version 12.00
Project("{FAE04EC0-301F-11D3-BF4B-00C04F79EFBC}") = "JobAutoApplier", "JobAutoApplier\JobAutoApplier.csproj", "{4965F309-0D4A-4DD4-984D-C2AF327B454B}"
EndProject
Global
	GlobalSection(SolutionConfigurationPlatforms) = preSolution
		Debug|Any CPU = Debug|Any CPU
		Release|Any CPU = Release|Any CPU
	EndGlobalSection
	GlobalSection(ProjectConfigurationPlatforms) = postSolution
		{4965F309-0D4A-4DD4-984D-C2AF327B454B}.Debug|Any CPU.ActiveCfg = Debug|Any CPU
		{4965F309-0D4A-4DD4-984D-C2AF327B454B}.Debug|Any CPU.Build.0 = Debug|Any CPU
		{4965F309-0D4A-4DD4-984D-C2AF327B454B}.Release|Any CPU.ActiveCfg = Release|Any CPU
		{4965F309-0D4A-4DD4-984D-C2AF327B454B}.Release|Any CPU.Build.0 = Release|Any CPU
	EndGlobalSection
EndGlobal
